
Microsoft Visual Studio Solution File, Format Version 12.00
# Visual Studio Version 17
VisualStudioVersion = 17.7.34024.191
MinimumVisualStudioVersion = 10.0.40219.1
Project("{FAE04EC0-301F-11D3-BF4B-00C04F79EFBC}") = "RafiesCompany", "RafiesCompany\RafiesCompany.csproj", "{5105B772-9A16-4BB5-B8FA-85A1144EEC9C}"
EndProject
Global
	GlobalSection(SolutionConfigurationPlatforms) = preSolution
		Debug|Any CPU = Debug|Any CPU
		Release|Any CPU = Release|Any CPU
	EndGlobalSection
	GlobalSection(ProjectConfigurationPlatforms) = postSolution
		{5105B772-9A16-4BB5-B8FA-85A1144EEC9C}.Debug|Any CPU.ActiveCfg = Debug|Any CPU
		{5105B772-9A16-4BB5-B8FA-85A1144EEC9C}.Debug|Any CPU.Build.0 = Debug|Any CPU
		{5105B772-9A16-4BB5-B8FA-85A1144EEC9C}.Release|Any CPU.ActiveCfg = Release|Any CPU
		{5105B772-9A16-4BB5-B8FA-85A1144EEC9C}.Release|Any CPU.Build.0 = Release|Any CPU
	EndGlobalSection
	GlobalSection(SolutionProperties) = preSolution
		HideSolutionNode = FALSE
	EndGlobalSection
	GlobalSection(ExtensibilityGlobals) = postSolution
		SolutionGuid = {FEFCBE40-1581-4466-BA25-7581665C5D3F}
	EndGlobalSection
EndGlobal
